
Microsoft Visual Studio Solution File, Format Version 10.00
# Visual Studio 2008
Project("{FAE04EC0-301F-11D3-BF4B-00C04F79EFBC}") = "ITL_Development", "ITL_Development\ITL_Development.csproj", "{CCC2C354-0551-4FFE-A268-E4B765703214}"
EndProject
Global
	GlobalSection(SubversionScc) = preSolution
		Svn-Managed = True
		Manager = AnkhSVN - Subversion Support for Visual Studio
	EndGlobalSection
	GlobalSection(SolutionConfigurationPlatforms) = preSolution
		Debug|Any CPU = Debug|Any CPU
		Release|Any CPU = Release|Any CPU
	EndGlobalSection
	GlobalSection(ProjectConfigurationPlatforms) = postSolution
		{CCC2C354-0551-4FFE-A268-E4B765703214}.Debug|Any CPU.ActiveCfg = Debug|Any CPU
		{CCC2C354-0551-4FFE-A268-E4B765703214}.Debug|Any CPU.Build.0 = Debug|Any CPU
		{CCC2C354-0551-4FFE-A268-E4B765703214}.Release|Any CPU.ActiveCfg = Release|Any CPU
		{CCC2C354-0551-4FFE-A268-E4B765703214}.Release|Any CPU.Build.0 = Release|Any CPU
	EndGlobalSection
	GlobalSection(SolutionProperties) = preSolution
		HideSolutionNode = FALSE
	EndGlobalSection
EndGlobal
